
Microsoft Visual Studio Solution File, Format Version 12.00
# Visual Studio Version 17
VisualStudioVersion = 17.14.37502.11
MinimumVisualStudioVersion = 10.0.40219.1
Project("{FAE04EC0-301F-11D3-BF4B-00C04F79EFBC}") = "MotoParts.Api", "backend\MotoParts.Api\MotoParts.Api.csproj", "{B149B927-445E-A1AB-2CC9-D43116BEC7AF}"
EndProject
Project("{FAE04EC0-301F-11D3-BF4B-00C04F79EFBC}") = "PdfGeneration", "QRCodeGenerator\PdfGeneration.csproj", "{D7DA716A-1D4E-4BCA-BD65-F92CC52363D6}"
EndProject
Project("{2150E333-8FDC-42A3-9474-1A3956D46DE8}") = "backend", "backend", "{1AE8ACA6-933B-BF2A-3671-3E2EAC007D16}"
EndProject
Project("{FAE04EC0-301F-11D3-BF4B-00C04F79EFBC}") = "MotoParts.Domain", "backend\MotoParts.Domain\MotoParts.Domain.csproj", "{573ECB30-B493-4493-AF25-6E3D33CCFFF7}"
EndProject
Project("{FAE04EC0-301F-11D3-BF4B-00C04F79EFBC}") = "MotoParts.Application", "backend\MotoParts.Application\MotoParts.Application.csproj", "{062D11CA-69CB-4E76-84E8-DB6A8874552B}"
EndProject
Project("{FAE04EC0-301F-11D3-BF4B-00C04F79EFBC}") = "MotoParts.Infrastructure", "backend\MotoParts.Infrastructure\MotoParts.Infrastructure.csproj", "{E20B619E-4027-4A5B-8A39-59E8F63AA7C6}"
EndProject
Project("{2150E333-8FDC-42A3-9474-1A3956D46DE8}") = "tests", "tests", "{0AB3BF05-4346-4AA6-1389-037BE0695223}"
EndProject
Project("{FAE04EC0-301F-11D3-BF4B-00C04F79EFBC}") = "MotoParts.Domain.Tests", "tests\MotoParts.Domain.Tests\MotoParts.Domain.Tests.csproj", "{7F56F93C-8F6A-4652-A2A9-96AAEA013355}"
EndProject
Project("{FAE04EC0-301F-11D3-BF4B-00C04F79EFBC}") = "MotoParts.Application.Tests", "tests\MotoParts.Application.Tests\MotoParts.Application.Tests.csproj", "{77371E51-5BCD-4ADA-B82B-3DDC8D931E16}"
EndProject
Project("{FAE04EC0-301F-11D3-BF4B-00C04F79EFBC}") = "MotoParts.Api.Tests", "tests\MotoParts.Api.Tests\MotoParts.Api.Tests.csproj", "{6565AA9B-B216-4982-8BED-24491E0813EE}"
EndProject
Global
	GlobalSection(SolutionConfigurationPlatforms) = preSolution
		Debug|Any CPU = Debug|Any CPU
		Debug|x64 = Debug|x64
		Debug|x86 = Debug|x86
		Release|Any CPU = Release|Any CPU
		Release|x64 = Release|x64
		Release|x86 = Release|x86
	EndGlobalSection
	GlobalSection(ProjectConfigurationPlatforms) = postSolution
		{B149B927-445E-A1AB-2CC9-D43116BEC7AF}.Debug|Any CPU.ActiveCfg = Debug|Any CPU
		{B149B927-445E-A1AB-2CC9-D43116BEC7AF}.Debug|Any CPU.Build.0 = Debug|Any CPU
		{B149B927-445E-A1AB-2CC9-D43116BEC7AF}.Debug|x64.ActiveCfg = Debug|Any CPU
		{B149B927-445E-A1AB-2CC9-D43116BEC7AF}.Debug|x64.Build.0 = Debug|Any CPU
		{B149B927-445E-A1AB-2CC9-D43116BEC7AF}.Debug|x86.ActiveCfg = Debug|Any CPU
		{B149B927-445E-A1AB-2CC9-D43116BEC7AF}.Debug|x86.Build.0 = Debug|Any CPU
		{B149B927-445E-A1AB-2CC9-D43116BEC7AF}.Release|Any CPU.ActiveCfg = Release|Any CPU
		{B149B927-445E-A1AB-2CC9-D43116BEC7AF}.Release|Any CPU.Build.0 = Release|Any CPU
		{B149B927-445E-A1AB-2CC9-D43116BEC7AF}.Release|x64.ActiveCfg = Release|Any CPU
		{B149B927-445E-A1AB-2CC9-D43116BEC7AF}.Release|x64.Build.0 = Release|Any CPU
		{B149B927-445E-A1AB-2CC9-D43116BEC7AF}.Release|x86.ActiveCfg = Release|Any CPU
		{B149B927-445E-A1AB-2CC9-D43116BEC7AF}.Release|x86.Build.0 = Release|Any CPU
		{D7DA716A-1D4E-4BCA-BD65-F92CC52363D6}.Debug|Any CPU.ActiveCfg = Debug|Any CPU
		{D7DA716A-1D4E-4BCA-BD65-F92CC52363D6}.Debug|Any CPU.Build.0 = Debug|Any CPU
		{D7DA716A-1D4E-4BCA-BD65-F92CC52363D6}.Debug|x64.ActiveCfg = Debug|Any CPU
		{D7DA716A-1D4E-4BCA-BD65-F92CC52363D6}.Debug|x64.Build.0 = Debug|Any CPU
		{D7DA716A-1D4E-4BCA-BD65-F92CC52363D6}.Debug|x86.ActiveCfg = Debug|Any CPU
		{D7DA716A-1D4E-4BCA-BD65-F92CC52363D6}.Debug|x86.Build.0 = Debug|Any CPU
		{D7DA716A-1D4E-4BCA-BD65-F92CC52363D6}.Release|Any CPU.ActiveCfg = Release|Any CPU
		{D7DA716A-1D4E-4BCA-BD65-F92CC52363D6}.Release|Any CPU.Build.0 = Release|Any CPU
		{D7DA716A-1D4E-4BCA-BD65-F92CC52363D6}.Release|x64.ActiveCfg = Release|Any CPU
		{D7DA716A-1D4E-4BCA-BD65-F92CC52363D6}.Release|x64.Build.0 = Release|Any CPU
		{D7DA716A-1D4E-4BCA-BD65-F92CC52363D6}.Release|x86.ActiveCfg = Release|Any CPU
		{D7DA716A-1D4E-4BCA-BD65-F92CC52363D6}.Release|x86.Build.0 = Release|Any CPU
		{573ECB30-B493-4493-AF25-6E3D33CCFFF7}.Debug|Any CPU.ActiveCfg = Debug|Any CPU
		{573ECB30-B493-4493-AF25-6E3D33CCFFF7}.Debug|Any CPU.Build.0 = Debug|Any CPU
		{573ECB30-B493-4493-AF25-6E3D33CCFFF7}.Debug|x64.ActiveCfg = Debug|Any CPU
		{573ECB30-B493-4493-AF25-6E3D33CCFFF7}.Debug|x64.Build.0 = Debug|Any CPU
		{573ECB30-B493-4493-AF25-6E3D33CCFFF7}.Debug|x86.ActiveCfg = Debug|Any CPU
		{573ECB30-B493-4493-AF25-6E3D33CCFFF7}.Debug|x86.Build.0 = Debug|Any CPU
		{573ECB30-B493-4493-AF25-6E3D33CCFFF7}.Release|Any CPU.ActiveCfg = Release|Any CPU
		{573ECB30-B493-4493-AF25-6E3D33CCFFF7}.Release|Any CPU.Build.0 = Release|Any CPU
		{573ECB30-B493-4493-AF25-6E3D33CCFFF7}.Release|x64.ActiveCfg = Release|Any CPU
		{573ECB30-B493-4493-AF25-6E3D33CCFFF7}.Release|x64.Build.0 = Release|Any CPU
		{573ECB30-B493-4493-AF25-6E3D33CCFFF7}.Release|x86.ActiveCfg = Release|Any CPU
		{573ECB30-B493-4493-AF25-6E3D33CCFFF7}.Release|x86.Build.0 = Release|Any CPU
		{062D11CA-69CB-4E76-84E8-DB6A8874552B}.Debug|Any CPU.ActiveCfg = Debug|Any CPU
		{062D11CA-69CB-4E76-84E8-DB6A8874552B}.Debug|Any CPU.Build.0 = Debug|Any CPU
		{062D11CA-69CB-4E76-84E8-DB6A8874552B}.Debug|x64.ActiveCfg = Debug|Any CPU
		{062D11CA-69CB-4E76-84E8-DB6A8874552B}.Debug|x64.Build.0 = Debug|Any CPU
		{062D11CA-69CB-4E76-84E8-DB6A8874552B}.Debug|x86.ActiveCfg = Debug|Any CPU
		{062D11CA-69CB-4E76-84E8-DB6A8874552B}.Debug|x86.Build.0 = Debug|Any CPU
		{062D11CA-69CB-4E76-84E8-DB6A8874552B}.Release|Any CPU.ActiveCfg = Release|Any CPU
		{062D11CA-69CB-4E76-84E8-DB6A8874552B}.Release|Any CPU.Build.0 = Release|Any CPU
		{062D11CA-69CB-4E76-84E8-DB6A8874552B}.Release|x64.ActiveCfg = Release|Any CPU
		{062D11CA-69CB-4E76-84E8-DB6A8874552B}.Release|x64.Build.0 = Release|Any CPU
		{062D11CA-69CB-4E76-84E8-DB6A8874552B}.Release|x86.ActiveCfg = Release|Any CPU
		{062D11CA-69CB-4E76-84E8-DB6A8874552B}.Release|x86.Build.0 = Release|Any CPU
		{E20B619E-4027-4A5B-8A39-59E8F63AA7C6}.Debug|Any CPU.ActiveCfg = Debug|Any CPU
		{E20B619E-4027-4A5B-8A39-59E8F63AA7C6}.Debug|Any CPU.Build.0 = Debug|Any CPU
		{E20B619E-4027-4A5B-8A39-59E8F63AA7C6}.Debug|x64.ActiveCfg = Debug|Any CPU
		{E20B619E-4027-4A5B-8A39-59E8F63AA7C6}.Debug|x64.Build.0 = Debug|Any CPU
		{E20B619E-4027-4A5B-8A39-59E8F63AA7C6}.Debug|x86.ActiveCfg = Debug|Any CPU
		{E20B619E-4027-4A5B-8A39-59E8F63AA7C6}.Debug|x86.Build.0 = Debug|Any CPU
		{E20B619E-4027-4A5B-8A39-59E8F63AA7C6}.Release|Any CPU.ActiveCfg = Release|Any CPU
		{E20B619E-4027-4A5B-8A39-59E8F63AA7C6}.Release|Any CPU.Build.0 = Release|Any CPU
		{E20B619E-4027-4A5B-8A39-59E8F63AA7C6}.Release|x64.ActiveCfg = Release|Any CPU
		{E20B619E-4027-4A5B-8A39-59E8F63AA7C6}.Release|x64.Build.0 = Release|Any CPU
		{E20B619E-4027-4A5B-8A39-59E8F63AA7C6}.Release|x86.ActiveCfg = Release|Any CPU
		{E20B619E-4027-4A5B-8A39-59E8F63AA7C6}.Release|x86.Build.0 = Release|Any CPU
		{7F56F93C-8F6A-4652-A2A9-96AAEA013355}.Debug|Any CPU.ActiveCfg = Debug|Any CPU
		{7F56F93C-8F6A-4652-A2A9-96AAEA013355}.Debug|Any CPU.Build.0 = Debug|Any CPU
		{7F56F93C-8F6A-4652-A2A9-96AAEA013355}.Debug|x64.ActiveCfg = Debug|Any CPU
		{7F56F93C-8F6A-4652-A2A9-96AAEA013355}.Debug|x64.Build.0 = Debug|Any CPU
		{7F56F93C-8F6A-4652-A2A9-96AAEA013355}.Debug|x86.ActiveCfg = Debug|Any CPU
		{7F56F93C-8F6A-4652-A2A9-96AAEA013355}.Debug|x86.Build.0 = Debug|Any CPU
		{7F56F93C-8F6A-4652-A2A9-96AAEA013355}.Release|Any CPU.ActiveCfg = Release|Any CPU
		{7F56F93C-8F6A-4652-A2A9-96AAEA013355}.Release|Any CPU.Build.0 = Release|Any CPU
		{7F56F93C-8F6A-4652-A2A9-96AAEA013355}.Release|x64.ActiveCfg = Release|Any CPU
		{7F56F93C-8F6A-4652-A2A9-96AAEA013355}.Release|x64.Build.0 = Release|Any CPU
		{7F56F93C-8F6A-4652-A2A9-96AAEA013355}.Release|x86.ActiveCfg = Release|Any CPU
		{7F56F93C-8F6A-4652-A2A9-96AAEA013355}.Release|x86.Build.0 = Release|Any CPU
		{77371E51-5BCD-4ADA-B82B-3DDC8D931E16}.Debug|Any CPU.ActiveCfg = Debug|Any CPU
		{77371E51-5BCD-4ADA-B82B-3DDC8D931E16}.Debug|Any CPU.Build.0 = Debug|Any CPU
		{77371E51-5BCD-4ADA-B82B-3DDC8D931E16}.Debug|x64.ActiveCfg = Debug|Any CPU
		{77371E51-5BCD-4ADA-B82B-3DDC8D931E16}.Debug|x64.Build.0 = Debug|Any CPU
		{77371E51-5BCD-4ADA-B82B-3DDC8D931E16}.Debug|x86.ActiveCfg = Debug|Any CPU
		{77371E51-5BCD-4ADA-B82B-3DDC8D931E16}.Debug|x86.Build.0 = Debug|Any CPU
		{77371E51-5BCD-4ADA-B82B-3DDC8D931E16}.Release|Any CPU.ActiveCfg = Release|Any CPU
		{77371E51-5BCD-4ADA-B82B-3DDC8D931E16}.Release|Any CPU.Build.0 = Release|Any CPU
		{77371E51-5BCD-4ADA-B82B-3DDC8D931E16}.Release|x64.ActiveCfg = Release|Any CPU
		{77371E51-5BCD-4ADA-B82B-3DDC8D931E16}.Release|x64.Build.0 = Release|Any CPU
		{77371E51-5BCD-4ADA-B82B-3DDC8D931E16}.Release|x86.ActiveCfg = Release|Any CPU
		{77371E51-5BCD-4ADA-B82B-3DDC8D931E16}.Release|x86.Build.0 = Release|Any CPU
		{6565AA9B-B216-4982-8BED-24491E0813EE}.Debug|Any CPU.ActiveCfg = Debug|Any CPU
		{6565AA9B-B216-4982-8BED-24491E0813EE}.Debug|Any CPU.Build.0 = Debug|Any CPU
		{6565AA9B-B216-4982-8BED-24491E0813EE}.Debug|x64.ActiveCfg = Debug|Any CPU
		{6565AA9B-B216-4982-8BED-24491E0813EE}.Debug|x64.Build.0 = Debug|Any CPU
		{6565AA9B-B216-4982-8BED-24491E0813EE}.Debug|x86.ActiveCfg = Debug|Any CPU
		{6565AA9B-B216-4982-8BED-24491E0813EE}.Debug|x86.Build.0 = Debug|Any CPU
		{6565AA9B-B216-4982-8BED-24491E0813EE}.Release|Any CPU.ActiveCfg = Release|Any CPU
		{6565AA9B-B216-4982-8BED-24491E0813EE}.Release|Any CPU.Build.0 = Release|Any CPU
		{6565AA9B-B216-4982-8BED-24491E0813EE}.Release|x64.ActiveCfg = Release|Any CPU
		{6565AA9B-B216-4982-8BED-24491E0813EE}.Release|x64.Build.0 = Release|Any CPU
		{6565AA9B-B216-4982-8BED-24491E0813EE}.Release|x86.ActiveCfg = Release|Any CPU
		{6565AA9B-B216-4982-8BED-24491E0813EE}.Release|x86.Build.0 = Release|Any CPU
	EndGlobalSection
	GlobalSection(SolutionProperties) = preSolution
		HideSolutionNode = FALSE
	EndGlobalSection
	GlobalSection(NestedProjects) = preSolution
		{573ECB30-B493-4493-AF25-6E3D33CCFFF7} = {1AE8ACA6-933B-BF2A-3671-3E2EAC007D16}
		{062D11CA-69CB-4E76-84E8-DB6A8874552B} = {1AE8ACA6-933B-BF2A-3671-3E2EAC007D16}
		{E20B619E-4027-4A5B-8A39-59E8F63AA7C6} = {1AE8ACA6-933B-BF2A-3671-3E2EAC007D16}
		{7F56F93C-8F6A-4652-A2A9-96AAEA013355} = {0AB3BF05-4346-4AA6-1389-037BE0695223}
		{77371E51-5BCD-4ADA-B82B-3DDC8D931E16} = {0AB3BF05-4346-4AA6-1389-037BE0695223}
		{6565AA9B-B216-4982-8BED-24491E0813EE} = {0AB3BF05-4346-4AA6-1389-037BE0695223}
	EndGlobalSection
	GlobalSection(ExtensibilityGlobals) = postSolution
		SolutionGuid = {93A620CF-CF43-485D-94E0-6AD6DF1769FA}
	EndGlobalSection
EndGlobal
